
Microsoft Visual Studio Solution File, Format Version 12.00
# Visual Studio Version 16
VisualStudioVersion = 16.0.29215.179
MinimumVisualStudioVersion = 10.0.40219.1
Project("{FAE04EC0-301F-11D3-BF4B-00C04F79EFBC}") = "githubtest 2", "githubtest 2\githubtest 2.csproj", "{F50FE86A-63ED-4347-8F64-91BEF0F5B577}"
EndProject
Global
	GlobalSection(SolutionConfigurationPlatforms) = preSolution
		Debug|Any CPU = Debug|Any CPU
		Release|Any CPU = Release|Any CPU
	EndGlobalSection
	GlobalSection(ProjectConfigurationPlatforms) = postSolution
		{F50FE86A-63ED-4347-8F64-91BEF0F5B577}.Debug|Any CPU.ActiveCfg = Debug|Any CPU
		{F50FE86A-63ED-4347-8F64-91BEF0F5B577}.Debug|Any CPU.Build.0 = Debug|Any CPU
		{F50FE86A-63ED-4347-8F64-91BEF0F5B577}.Release|Any CPU.ActiveCfg = Release|Any CPU
		{F50FE86A-63ED-4347-8F64-91BEF0F5B577}.Release|Any CPU.Build.0 = Release|Any CPU
	EndGlobalSection
	GlobalSection(SolutionProperties) = preSolution
		HideSolutionNode = FALSE
	EndGlobalSection
	GlobalSection(ExtensibilityGlobals) = postSolution
		SolutionGuid = {F35D7ACF-1B92-4A2A-8879-66E8554965AB}
	EndGlobalSection
EndGlobal
